{
  "name": "rescript-event-gateway",
  "version": "0.0.1",
  "lockfileVersion": 1,
  "requires": true,
  "dependencies": {
    "jcopy": {
      "version": "1.0.4",
      "resolved": "https://registry.npmjs.org/jcopy/-/jcopy-1.0.4.tgz",
      "integrity": "sha512-eDaxGk2t3oy8M5bHfHQvH7nTp3BSiOg/SOohBH5lWV+VM66ASRGaNEjp5SEmuxUarx3Pb0G4amWxYBlhshgzdg=="
    },
    "json-records": {
      "version": "2.0.1",
      "resolved": "https://registry.npmjs.org/json-records/-/json-records-2.0.1.tgz",
      "integrity": "sha512-E9mDmWn0fQiPB1iBhAht/UDVBzTT9chOr908PQAyfo70+NFnUtvdwr98sDadeUHOS2nD/LMf45I/RlH86HeU7g==",
      "requires": {
        "jcopy": "^1.0.3"
      }
    },
    "rescript": {
      "version": "10.1.4",
      "resolved": "https://registry.npmjs.org/rescript/-/rescript-10.1.4.tgz",
      "integrity": "sha512-FFKlS9AG/XrLepWsyw7B+A9DtQBPWEPDPDKghV831Y2KGbie+eeFBOS0xtRHp0xbt7S0N2Dm6hhX+kTZQ/3Ybg==",
      "dev": true
    }
  }
}
